// !$*UTF8*$!
{
	archiveVersion = 1;
	classes = {
	};
	objectVersion = 56;
	objects = {

/* Begin PBXBuildFile section */
		BD9C6FB32C51815C003557A0 /* mysecondprojectApp.swift in Sources */ = {isa = PBXBuildFile; fileRef = BD9C6FB22C51815C003557A0 /* mysecondprojectApp.swift */; };
		BD9C6FB52C51815C003557A0 /* ContentView.swift in Sources */ = {isa = PBXBuildFile; fileRef = BD9C6FB42C51815C003557A0 /* ContentView.swift */; };
		BD9C6FB72C51815D003557A0 /* Assets.xcassets in Resources */ = {isa = PBXBuildFile; fileRef = BD9C6FB62C51815D003557A0 /* Assets.xcassets */; };
		BD9C6FBA2C51815D003557A0 /* Preview Assets.xcassets in Resources */ = {isa = PBXBuildFile; fileRef = BD9C6FB92C51815D003557A0 /* Preview Assets.xcassets */; };
		BD9C6FC42C51815D003557A0 /* mysecondprojectTests.swift in Sources */ = {isa = PBXBuildFile; fileRef = BD9C6FC32C51815D003557A0 /* mysecondprojectTests.swift */; };
		BD9C6FCE2C51815D003557A0 /* mysecondprojectUITests.swift in Sources */ = {isa = PBXBuildFile; fileRef = BD9C6FCD2C51815D003557A0 /* mysecondprojectUITests.swift */; };
		BD9C6FD02C51815D003557A0 /* mysecondprojectUITestsLaunchTests.swift in Sources */ = {isa = PBXBuildFile; fileRef = BD9C6FCF2C51815D003557A0 /* mysecondprojectUITestsLaunchTests.swift */; };
/* End PBXBuildFile section */

/* Begin PBXContainerItemProxy section */
		BD9C6FC02C51815D003557A0 /* PBXContainerItemProxy */ = {
			isa = PBXContainerItemProxy;
			containerPortal = BD9C6FA72C51815C003557A0 /* Project object */;
			proxyType = 1;
			remoteGlobalIDString = BD9C6FAE2C51815C003557A0;
			remoteInfo = mysecondproject;
		};
		BD9C6FCA2C51815D003557A0 /* PBXContainerItemProxy */ = {
			isa = PBXContainerItemProxy;
			containerPortal = BD9C6FA72C51815C003557A0 /* Project object */;
			proxyType = 1;
			remoteGlobalIDString = BD9C6FAE2C51815C003557A0;
			remoteInfo = mysecondproject;
		};
/* End PBXContainerItemProxy section */

/* Begin PBXFileReference section */
		BD9C6FAF2C51815C003557A0 /* mysecondproject.app */ = {isa = PBXFileReference; explicitFileType = wrapper.application; includeInIndex = 0; path = mysecondproject.app; sourceTree = BUILT_PRODUCTS_DIR; };
		BD9C6FB22C51815C003557A0 /* mysecondprojectApp.swift */ = {isa = PBXFileReference; lastKnownFileType = sourcecode.swift; path = mysecondprojectApp.swift; sourceTree = "<group>"; };
		BD9C6FB42C51815C003557A0 /* ContentView.swift */ = {isa = PBXFileReference; lastKnownFileType = sourcecode.swift; path = ContentView.swift; sourceTree = "<group>"; };
		BD9C6FB62C51815D003557A0 /* Assets.xcassets */ = {isa = PBXFileReference; lastKnownFileType = folder.assetcatalog; path = Assets.xcassets; sourceTree = "<group>"; };
		BD9C6FB92C51815D003557A0 /* Preview Assets.xcassets */ = {isa = PBXFileReference; lastKnownFileType = folder.assetcatalog; path = "Preview Assets.xcassets"; sourceTree = "<group>"; };
		BD9C6FBF2C51815D003557A0 /* mysecondprojectTests.xctest */ = {isa = PBXFileReference; explicitFileType = wrapper.cfbundle; includeInIndex = 0; path = mysecondprojectTests.xctest; sourceTree = BUILT_PRODUCTS_DIR; };
		BD9C6FC32C51815D003557A0 /* mysecondprojectTests.swift */ = {isa = PBXFileReference; lastKnownFileType = sourcecode.swift; path = mysecondprojectTests.swift; sourceTree = "<group>"; };
		BD9C6FC92C51815D003557A0 /* mysecondprojectUITests.xctest */ = {isa = PBXFileReference; explicitFileType = wrapper.cfbundle; includeInIndex = 0; path = mysecondprojectUITests.xctest; sourceTree = BUILT_PRODUCTS_DIR; };
		BD9C6FCD2C51815D003557A0 /* mysecondprojectUITests.swift */ = {isa = PBXFileReference; lastKnownFileType = sourcecode.swift; path = mysecondprojectUITests.swift; sourceTree = "<group>"; };
		BD9C6FCF2C51815D003557A0 /* mysecondprojectUITestsLaunchTests.swift */ = {isa = PBXFileReference; lastKnownFileType = sourcecode.swift; path = mysecondprojectUITestsLaunchTests.swift; sourceTree = "<group>"; };
/* End PBXFileReference section */

/* Begin PBXFrameworksBuildPhase section */
		BD9C6FAC2C51815C003557A0 /* Frameworks */ = {
			isa = PBXFrameworksBuildPhase;
			buildActionMask = 2147483647;
			files = (
			);
			runOnlyForDeploymentPostprocessing = 0;
		};
		BD9C6FBC2C51815D003557A0 /* Frameworks */ = {
			isa = PBXFrameworksBuildPhase;
			buildActionMask = 2147483647;
			files = (
			);
			runOnlyForDeploymentPostprocessing = 0;
		};
		BD9C6FC62C51815D003557A0 /* Frameworks */ = {
			isa = PBXFrameworksBuildPhase;
			buildActionMask = 2147483647;
			files = (
			);
			runOnlyForDeploymentPostprocessing = 0;
		};
/* End PBXFrameworksBuildPhase section */

/* Begin PBXGroup section */
		BD9C6FA62C51815C003557A0 = {
			isa = PBXGroup;
			children = (
				BD9C6FB12C51815C003557A0 /* mysecondproject */,
				BD9C6FC22C51815D003557A0 /* mysecondprojectTests */,
				BD9C6FCC2C51815D003557A0 /* mysecondprojectUITests */,
				BD9C6FB02C51815C003557A0 /* Products */,
			);
			sourceTree = "<group>";
		};
		BD9C6FB02C51815C003557A0 /* Products */ = {
			isa = PBXGroup;
			children = (
				BD9C6FAF2C51815C003557A0 /* mysecondproject.app */,
				BD9C6FBF2C51815D003557A0 /* mysecondprojectTests.xctest */,
				BD9C6FC92C51815D003557A0 /* mysecondprojectUITests.xctest */,
			);
			name = Products;
			sourceTree = "<group>";
		};
		BD9C6FB12C51815C003557A0 /* mysecondproject */ = {
			isa = PBXGroup;
			children = (
				BD9C6FB22C51815C003557A0 /* mysecondprojectApp.swift */,
				BD9C6FB42C51815C003557A0 /* ContentView.swift */,
				BD9C6FB62C51815D003557A0 /* Assets.xcassets */,
				BD9C6FB82C51815D003557A0 /* Preview Content */,
			);
			path = mysecondproject;
			sourceTree = "<group>";
		};
		BD9C6FB82C51815D003557A0 /* Preview Content */ = {
			isa = PBXGroup;
			children = (
				BD9C6FB92C51815D003557A0 /* Preview Assets.xcassets */,
			);
			path = "Preview Content";
			sourceTree = "<group>";
		};
		BD9C6FC22C51815D003557A0 /* mysecondprojectTests */ = {
			isa = PBXGroup;
			children = (
				BD9C6FC32C51815D003557A0 /* mysecondprojectTests.swift */,
			);
			path = mysecondprojectTests;
			sourceTree = "<group>";
		};
		BD9C6FCC2C51815D003557A0 /* mysecondprojectUITests */ = {
			isa = PBXGroup;
			children = (
				BD9C6FCD2C51815D003557A0 /* mysecondprojectUITests.swift */,
				BD9C6FCF2C51815D003557A0 /* mysecondprojectUITestsLaunchTests.swift */,
			);
			path = mysecondprojectUITests;
			sourceTree = "<group>";
		};
/* End PBXGroup section */

/* Begin PBXNativeTarget section */
		BD9C6FAE2C51815C003557A0 /* mysecondproject */ = {
			isa = PBXNativeTarget;
			buildConfigurationList = BD9C6FD32C51815D003557A0 /* Build configuration list for PBXNativeTarget "mysecondproject" */;
			buildPhases = (
				BD9C6FAB2C51815C003557A0 /* Sources */,
				BD9C6FAC2C51815C003557A0 /* Frameworks */,
				BD9C6FAD2C51815C003557A0 /* Resources */,
			);
			buildRules = (
			);
			dependencies = (
			);
			name = mysecondproject;
			productName = mysecondproject;
			productReference = BD9C6FAF2C51815C003557A0 /* mysecondproject.app */;
			productType = "com.apple.product-type.application";
		};
		BD9C6FBE2C51815D003557A0 /* mysecondprojectTests */ = {
			isa = PBXNativeTarget;
			buildConfigurationList = BD9C6FD62C51815D003557A0 /* Build configuration list for PBXNativeTarget "mysecondprojectTests" */;
			buildPhases = (
				BD9C6FBB2C51815D003557A0 /* Sources */,
				BD9C6FBC2C51815D003557A0 /* Frameworks */,
				BD9C6FBD2C51815D003557A0 /* Resources */,
			);
			buildRules = (
			);
			dependencies = (
				BD9C6FC12C51815D003557A0 /* PBXTargetDependency */,
			);
			name = mysecondprojectTests;
			productName = mysecondprojectTests;
			productReference = BD9C6FBF2C51815D003557A0 /* mysecondprojectTests.xctest */;
			productType = "com.apple.product-type.bundle.unit-test";
		};
		BD9C6FC82C51815D003557A0 /* mysecondprojectUITests */ = {
			isa = PBXNativeTarget;
			buildConfigurationList = BD9C6FD92C51815D003557A0 /* Build configuration list for PBXNativeTarget "mysecondprojectUITests" */;
			buildPhases = (
				BD9C6FC52C51815D003557A0 /* Sources */,
				BD9C6FC62C51815D003557A0 /* Frameworks */,
				BD9C6FC72C51815D003557A0 /* Resources */,
			);
			buildRules = (
			);
			dependencies = (
				BD9C6FCB2C51815D003557A0 /* PBXTargetDependency */,
			);
			name = mysecondprojectUITests;
			productName = mysecondprojectUITests;
			productReference = BD9C6FC92C51815D003557A0 /* mysecondprojectUITests.xctest */;
			productType = "com.apple.product-type.bundle.ui-testing";
		};
/* End PBXNativeTarget section */

/* Begin PBXProject section */
		BD9C6FA72C51815C003557A0 /* Project object */ = {
			isa = PBXProject;
			attributes = {
				BuildIndependentTargetsInParallel = 1;
				LastSwiftUpdateCheck = 1540;
				LastUpgradeCheck = 1540;
				TargetAttributes = {
					BD9C6FAE2C51815C003557A0 = {
						CreatedOnToolsVersion = 15.4;
					};
					BD9C6FBE2C51815D003557A0 = {
						CreatedOnToolsVersion = 15.4;
						TestTargetID = BD9C6FAE2C51815C003557A0;
					};
					BD9C6FC82C51815D003557A0 = {
						CreatedOnToolsVersion = 15.4;
						TestTargetID = BD9C6FAE2C51815C003557A0;
					};
				};
			};
			buildConfigurationList = BD9C6FAA2C51815C003557A0 /* Build configuration list for PBXProject "mysecondproject" */;
			compatibilityVersion = "Xcode 14.0";
			developmentRegion = en;
			hasScannedForEncodings = 0;
			knownRegions = (
				en,
				Base,
			);
			mainGroup = BD9C6FA62C51815C003557A0;
			productRefGroup = BD9C6FB02C51815C003557A0 /* Products */;
			projectDirPath = "";
			projectRoot = "";
			targets = (
				BD9C6FAE2C51815C003557A0 /* mysecondproject */,
				BD9C6FBE2C51815D003557A0 /* mysecondprojectTests */,
				BD9C6FC82C51815D003557A0 /* mysecondprojectUITests */,
			);
		};
/* End PBXProject section */

/* Begin PBXResourcesBuildPhase section */
		BD9C6FAD2C51815C003557A0 /* Resources */ = {
			isa = PBXResourcesBuildPhase;
			buildActionMask = 2147483647;
			files = (
				BD9C6FBA2C51815D003557A0 /* Preview Assets.xcassets in Resources */,
				BD9C6FB72C51815D003557A0 /* Assets.xcassets in Resources */,
			);
			runOnlyForDeploymentPostprocessing = 0;
		};
		BD9C6FBD2C51815D003557A0 /* Resources */ = {
			isa = PBXResourcesBuildPhase;
			buildActionMask = 2147483647;
			files = (
			);
			runOnlyForDeploymentPostprocessing = 0;
		};
		BD9C6FC72C51815D003557A0 /* Resources */ = {
			isa = PBXResourcesBuildPhase;
			buildActionMask = 2147483647;
			files = (
			);
			runOnlyForDeploymentPostprocessing = 0;
		};
/* End PBXResourcesBuildPhase section */

/* Begin PBXSourcesBuildPhase section */
		BD9C6FAB2C51815C003557A0 /* Sources */ = {
			isa = PBXSourcesBuildPhase;
			buildActionMask = 2147483647;
			files = (
				BD9C6FB52C51815C003557A0 /* ContentView.swift in Sources */,
				BD9C6FB32C51815C003557A0 /* mysecondprojectApp.swift in Sources */,
			);
			runOnlyForDeploymentPostprocessing = 0;
		};
		BD9C6FBB2C51815D003557A0 /* Sources */ = {
			isa = PBXSourcesBuildPhase;
			buildActionMask = 2147483647;
			files = (
				BD9C6FC42C51815D003557A0 /* mysecondprojectTests.swift in Sources */,
			);
			runOnlyForDeploymentPostprocessing = 0;
		};
		BD9C6FC52C51815D003557A0 /* Sources */ = {
			isa = PBXSourcesBuildPhase;
			buildActionMask = 2147483647;
			files = (
				BD9C6FD02C51815D003557A0 /* mysecondprojectUITestsLaunchTests.swift in Sources */,
				BD9C6FCE2C51815D003557A0 /* mysecondprojectUITests.swift in Sources */,
			);
			runOnlyForDeploymentPostprocessing = 0;
		};
/* End PBXSourcesBuildPhase section */

/* Begin PBXTargetDependency section */
		BD9C6FC12C51815D003557A0 /* PBXTargetDependency */ = {
			isa = PBXTargetDependency;
			target = BD9C6FAE2C51815C003557A0 /* mysecondproject */;
			targetProxy = BD9C6FC02C51815D003557A0 /* PBXContainerItemProxy */;
		};
		BD9C6FCB2C51815D003557A0 /* PBXTargetDependency */ = {
			isa = PBXTargetDependency;
			target = BD9C6FAE2C51815C003557A0 /* mysecondproject */;
			targetProxy = BD9C6FCA2C51815D003557A0 /* PBXContainerItemProxy */;
		};
/* End PBXTargetDependency section */

/* Begin XCBuildConfiguration section */
		BD9C6FD12C51815D003557A0 /* Debug */ = {
			isa = XCBuildConfiguration;
			buildSettings = {
				ALWAYS_SEARCH_USER_PATHS = NO;
				ASSETCATALOG_COMPILER_GENERATE_SWIFT_ASSET_SYMBOL_EXTENSIONS = YES;
				CLANG_ANALYZER_NONNULL = YES;
				CLANG_ANALYZER_NUMBER_OBJECT_CONVERSION = YES_AGGRESSIVE;
				CLANG_CXX_LANGUAGE_STANDARD = "gnu++20";
				CLANG_ENABLE_MODULES = YES;
				CLANG_ENABLE_OBJC_ARC = YES;
				CLANG_ENABLE_OBJC_WEAK = YES;
				CLANG_WARN_BLOCK_CAPTURE_AUTORELEASING = YES;
				CLANG_WARN_BOOL_CONVERSION = YES;
				CLANG_WARN_COMMA = YES;
				CLANG_WARN_CONSTANT_CONVERSION = YES;
				CLANG_WARN_DEPRECATED_OBJC_IMPLEMENTATIONS = YES;
				CLANG_WARN_DIRECT_OBJC_ISA_USAGE = YES_ERROR;
				CLANG_WARN_DOCUMENTATION_COMMENTS = YES;
				CLANG_WARN_EMPTY_BODY = YES;
				CLANG_WARN_ENUM_CONVERSION = YES;
				CLANG_WARN_INFINITE_RECURSION = YES;
				CLANG_WARN_INT_CONVERSION = YES;
				CLANG_WARN_NON_LITERAL_NULL_CONVERSION = YES;
				CLANG_WARN_OBJC_IMPLICIT_RETAIN_SELF = YES;
				CLANG_WARN_OBJC_LITERAL_CONVERSION = YES;
				CLANG_WARN_OBJC_ROOT_CLASS = YES_ERROR;
				CLANG_WARN_QUOTED_INCLUDE_IN_FRAMEWORK_HEADER = YES;
				CLANG_WARN_RANGE_LOOP_ANALYSIS = YES;
				CLANG_WARN_STRICT_PROTOTYPES = YES;
				CLANG_WARN_SUSPICIOUS_MOVE = YES;
				CLANG_WARN_UNGUARDED_AVAILABILITY = YES_AGGRESSIVE;
				CLANG_WARN_UNREACHABLE_CODE = YES;
				CLANG_WARN__DUPLICATE_METHOD_MATCH = YES;
				COPY_PHASE_STRIP = NO;
				DEBUG_INFORMATION_FORMAT = dwarf;
				ENABLE_STRICT_OBJC_MSGSEND = YES;
				ENABLE_TESTABILITY = YES;
				ENABLE_USER_SCRIPT_SANDBOXING = YES;
				GCC_C_LANGUAGE_STANDARD = gnu17;
				GCC_DYNAMIC_NO_PIC = NO;
				GCC_NO_COMMON_BLOCKS = YES;
				GCC_OPTIMIZATION_LEVEL = 0;
				GCC_PREPROCESSOR_DEFINITIONS = (
					"DEBUG=1",
					"$(inherited)",
				);
				GCC_WARN_64_TO_32_BIT_CONVERSION = YES;
				GCC_WARN_ABOUT_RETURN_TYPE = YES_ERROR;
				GCC_WARN_UNDECLARED_SELECTOR = YES;
				GCC_WARN_UNINITIALIZED_AUTOS = YES_AGGRESSIVE;
				GCC_WARN_UNUSED_FUNCTION = YES;
				GCC_WARN_UNUSED_VARIABLE = YES;
				IPHONEOS_DEPLOYMENT_TARGET = 17.5;
				LOCALIZATION_PREFERS_STRING_CATALOGS = YES;
				MTL_ENABLE_DEBUG_INFO = INCLUDE_SOURCE;
				MTL_FAST_MATH = YES;
				ONLY_ACTIVE_ARCH = YES;
				SDKROOT = iphoneos;
				SWIFT_ACTIVE_COMPILATION_CONDITIONS = "DEBUG $(inherited)";
				SWIFT_OPTIMIZATION_LEVEL = "-Onone";
			};
			name = Debug;
		};
		BD9C6FD22C51815D003557A0 /* Release */ = {
			isa = XCBuildConfiguration;
			buildSettings = {
				ALWAYS_SEARCH_USER_PATHS = NO;
				ASSETCATALOG_COMPILER_GENERATE_SWIFT_ASSET_SYMBOL_EXTENSIONS = YES;
				CLANG_ANALYZER_NONNULL = YES;
				CLANG_ANALYZER_NUMBER_OBJECT_CONVERSION = YES_AGGRESSIVE;
				CLANG_CXX_LANGUAGE_STANDARD = "gnu++20";
				CLANG_ENABLE_MODULES = YES;
				CLANG_ENABLE_OBJC_ARC = YES;
				CLANG_ENABLE_OBJC_WEAK = YES;
				CLANG_WARN_BLOCK_CAPTURE_AUTORELEASING = YES;
				CLANG_WARN_BOOL_CONVERSION = YES;
				CLANG_WARN_COMMA = YES;
				CLANG_WARN_CONSTANT_CONVERSION = YES;
				CLANG_WARN_DEPRECATED_OBJC_IMPLEMENTATIONS = YES;
				CLANG_WARN_DIRECT_OBJC_ISA_USAGE = YES_ERROR;
				CLANG_WARN_DOCUMENTATION_COMMENTS = YES;
				CLANG_WARN_EMPTY_BODY = YES;
				CLANG_WARN_ENUM_CONVERSION = YES;
				CLANG_WARN_INFINITE_RECURSION = YES;
				CLANG_WARN_INT_CONVERSION = YES;
				CLANG_WARN_NON_LITERAL_NULL_CONVERSION = YES;
				CLANG_WARN_OBJC_IMPLICIT_RETAIN_SELF = YES;
				CLANG_WARN_OBJC_LITERAL_CONVERSION = YES;
				CLANG_WARN_OBJC_ROOT_CLASS = YES_ERROR;
				CLANG_WARN_QUOTED_INCLUDE_IN_FRAMEWORK_HEADER = YES;
				CLANG_WARN_RANGE_LOOP_ANALYSIS = YES;
				CLANG_WARN_STRICT_PROTOTYPES = YES;
				CLANG_WARN_SUSPICIOUS_MOVE = YES;
				CLANG_WARN_UNGUARDED_AVAILABILITY = YES_AGGRESSIVE;
				CLANG_WARN_UNREACHABLE_CODE = YES;
				CLANG_WARN__DUPLICATE_METHOD_MATCH = YES;
				COPY_PHASE_STRIP = NO;
				DEBUG_INFORMATION_FORMAT = "dwarf-with-dsym";
				ENABLE_NS_ASSERTIONS = NO;
				ENABLE_STRICT_OBJC_MSGSEND = YES;
				ENABLE_USER_SCRIPT_SANDBOXING = YES;
				GCC_C_LANGUAGE_STANDARD = gnu17;
				GCC_NO_COMMON_BLOCKS = YES;
				GCC_WARN_64_TO_32_BIT_CONVERSION = YES;
				GCC_WARN_ABOUT_RETURN_TYPE = YES_ERROR;
				GCC_WARN_UNDECLARED_SELECTOR = YES;
				GCC_WARN_UNINITIALIZED_AUTOS = YES_AGGRESSIVE;
				GCC_WARN_UNUSED_FUNCTION = YES;
				GCC_WARN_UNUSED_VARIABLE = YES;
				IPHONEOS_DEPLOYMENT_TARGET = 17.5;
				LOCALIZATION_PREFERS_STRING_CATALOGS = YES;
				MTL_ENABLE_DEBUG_INFO = NO;
				MTL_FAST_MATH = YES;
				SDKROOT = iphoneos;
				SWIFT_COMPILATION_MODE = wholemodule;
				VALIDATE_PRODUCT = YES;
			};
			name = Release;
		};
		BD9C6FD42C51815D003557A0 /* Debug */ = {
			isa = XCBuildConfiguration;
			buildSettings = {
				ASSETCATALOG_COMPILER_APPICON_NAME = AppIcon;
				ASSETCATALOG_COMPILER_GLOBAL_ACCENT_COLOR_NAME = AccentColor;
				CODE_SIGN_STYLE = Automatic;
				CURRENT_PROJECT_VERSION = 1;
				DEVELOPMENT_ASSET_PATHS = "\"mysecondproject/Preview Content\"";
				ENABLE_PREVIEWS = YES;
				GENERATE_INFOPLIST_FILE = YES;
				INFOPLIST_KEY_UIApplicationSceneManifest_Generation = YES;
				INFOPLIST_KEY_UIApplicationSupportsIndirectInputEvents = YES;
				INFOPLIST_KEY_UILaunchScreen_Generation = YES;
				INFOPLIST_KEY_UISupportedInterfaceOrientations_iPad = "UIInterfaceOrientationPortrait UIInterfaceOrientationPortraitUpsideDown UIInterfaceOrientationLandscapeLeft UIInterfaceOrientationLandscapeRight";
				INFOPLIST_KEY_UISupportedInterfaceOrientations_iPhone = "UIInterfaceOrientationPortrait UIInterfaceOrientationLandscapeLeft UIInterfaceOrientationLandscapeRight";
				LD_RUNPATH_SEARCH_PATHS = (
					"$(inherited)",
					"@executable_path/Frameworks",
				);
				MARKETING_VERSION = 1.0;
				PRODUCT_BUNDLE_IDENTIFIER = KWK.mysecondproject;
				PRODUCT_NAME = "$(TARGET_NAME)";
				SWIFT_EMIT_LOC_STRINGS = YES;
				SWIFT_VERSION = 5.0;
				TARGETED_DEVICE_FAMILY = "1,2";
			};
			name = Debug;
		};
		BD9C6FD52C51815D003557A0 /* Release */ = {
			isa = XCBuildConfiguration;
			buildSettings = {
				ASSETCATALOG_COMPILER_APPICON_NAME = AppIcon;
				ASSETCATALOG_COMPILER_GLOBAL_ACCENT_COLOR_NAME = AccentColor;
				CODE_SIGN_STYLE = Automatic;
				CURRENT_PROJECT_VERSION = 1;
				DEVELOPMENT_ASSET_PATHS = "\"mysecondproject/Preview Content\"";
				ENABLE_PREVIEWS = YES;
				GENERATE_INFOPLIST_FILE = YES;
				INFOPLIST_KEY_UIApplicationSceneManifest_Generation = YES;
				INFOPLIST_KEY_UIApplicationSupportsIndirectInputEvents = YES;
				INFOPLIST_KEY_UILaunchScreen_Generation = YES;
				INFOPLIST_KEY_UISupportedInterfaceOrientations_iPad = "UIInterfaceOrientationPortrait UIInterfaceOrientationPortraitUpsideDown UIInterfaceOrientationLandscapeLeft UIInterfaceOrientationLandscapeRight";
				INFOPLIST_KEY_UISupportedInterfaceOrientations_iPhone = "UIInterfaceOrientationPortrait UIInterfaceOrientationLandscapeLeft UIInterfaceOrientationLandscapeRight";
				LD_RUNPATH_SEARCH_PATHS = (
					"$(inherited)",
					"@executable_path/Frameworks",
				);
				MARKETING_VERSION = 1.0;
				PRODUCT_BUNDLE_IDENTIFIER = KWK.mysecondproject;
				PRODUCT_NAME = "$(TARGET_NAME)";
				SWIFT_EMIT_LOC_STRINGS = YES;
				SWIFT_VERSION = 5.0;
				TARGETED_DEVICE_FAMILY = "1,2";
			};
			name = Release;
		};
		BD9C6FD72C51815D003557A0 /* Debug */ = {
			isa = XCBuildConfiguration;
			buildSettings = {
				ALWAYS_EMBED_SWIFT_STANDARD_LIBRARIES = YES;
				BUNDLE_LOADER = "$(TEST_HOST)";
				CODE_SIGN_STYLE = Automatic;
				CURRENT_PROJECT_VERSION = 1;
				GENERATE_INFOPLIST_FILE = YES;
				IPHONEOS_DEPLOYMENT_TARGET = 17.5;
				MARKETING_VERSION = 1.0;
				PRODUCT_BUNDLE_IDENTIFIER = KWK.mysecondprojectTests;
				PRODUCT_NAME = "$(TARGET_NAME)";
				SWIFT_EMIT_LOC_STRINGS = NO;
				SWIFT_VERSION = 5.0;
				TARGETED_DEVICE_FAMILY = "1,2";
				TEST_HOST = "$(BUILT_PRODUCTS_DIR)/mysecondproject.app/$(BUNDLE_EXECUTABLE_FOLDER_PATH)/mysecondproject";
			};
			name = Debug;
		};
		BD9C6FD82C51815D003557A0 /* Release */ = {
			isa = XCBuildConfiguration;
			buildSettings = {
				ALWAYS_EMBED_SWIFT_STANDARD_LIBRARIES = YES;
				BUNDLE_LOADER = "$(TEST_HOST)";
				CODE_SIGN_STYLE = Automatic;
				CURRENT_PROJECT_VERSION = 1;
				GENERATE_INFOPLIST_FILE = YES;
				IPHONEOS_DEPLOYMENT_TARGET = 17.5;
				MARKETING_VERSION = 1.0;
				PRODUCT_BUNDLE_IDENTIFIER = KWK.mysecondprojectTests;
				PRODUCT_NAME = "$(TARGET_NAME)";
				SWIFT_EMIT_LOC_STRINGS = NO;
				SWIFT_VERSION = 5.0;
				TARGETED_DEVICE_FAMILY = "1,2";
				TEST_HOST = "$(BUILT_PRODUCTS_DIR)/mysecondproject.app/$(BUNDLE_EXECUTABLE_FOLDER_PATH)/mysecondproject";
			};
			name = Release;
		};
		BD9C6FDA2C51815D003557A0 /* Debug */ = {
			isa = XCBuildConfiguration;
			buildSettings = {
				ALWAYS_EMBED_SWIFT_STANDARD_LIBRARIES = YES;
				CODE_SIGN_STYLE = Automatic;
				CURRENT_PROJECT_VERSION = 1;
				GENERATE_INFOPLIST_FILE = YES;
				MARKETING_VERSION = 1.0;
				PRODUCT_BUNDLE_IDENTIFIER = KWK.mysecondprojectUITests;
				PRODUCT_NAME = "$(TARGET_NAME)";
				SWIFT_EMIT_LOC_STRINGS = NO;
				SWIFT_VERSION = 5.0;
				TARGETED_DEVICE_FAMILY = "1,2";
				TEST_TARGET_NAME = mysecondproject;
			};
			name = Debug;
		};
		BD9C6FDB2C51815D003557A0 /* Release */ = {
			isa = XCBuildConfiguration;
			buildSettings = {
				ALWAYS_EMBED_SWIFT_STANDARD_LIBRARIES = YES;
				CODE_SIGN_STYLE = Automatic;
				CURRENT_PROJECT_VERSION = 1;
				GENERATE_INFOPLIST_FILE = YES;
				MARKETING_VERSION = 1.0;
				PRODUCT_BUNDLE_IDENTIFIER = KWK.mysecondprojectUITests;
				PRODUCT_NAME = "$(TARGET_NAME)";
				SWIFT_EMIT_LOC_STRINGS = NO;
				SWIFT_VERSION = 5.0;
				TARGETED_DEVICE_FAMILY = "1,2";
				TEST_TARGET_NAME = mysecondproject;
			};
			name = Release;
		};
/* End XCBuildConfiguration section */

/* Begin XCConfigurationList section */
		BD9C6FAA2C51815C003557A0 /* Build configuration list for PBXProject "mysecondproject" */ = {
			isa = XCConfigurationList;
			buildConfigurations = (
				BD9C6FD12C51815D003557A0 /* Debug */,
				BD9C6FD22C51815D003557A0 /* Release */,
			);
			defaultConfigurationIsVisible = 0;
			defaultConfigurationName = Release;
		};
		BD9C6FD32C51815D003557A0 /* Build configuration list for PBXNativeTarget "mysecondproject" */ = {
			isa = XCConfigurationList;
			buildConfigurations = (
				BD9C6FD42C51815D003557A0 /* Debug */,
				BD9C6FD52C51815D003557A0 /* Release */,
			);
			defaultConfigurationIsVisible = 0;
			defaultConfigurationName = Release;
		};
		BD9C6FD62C51815D003557A0 /* Build configuration list for PBXNativeTarget "mysecondprojectTests" */ = {
			isa = XCConfigurationList;
			buildConfigurations = (
				BD9C6FD72C51815D003557A0 /* Debug */,
				BD9C6FD82C51815D003557A0 /* Release */,
			);
			defaultConfigurationIsVisible = 0;
			defaultConfigurationName = Release;
		};
		BD9C6FD92C51815D003557A0 /* Build configuration list for PBXNativeTarget "mysecondprojectUITests" */ = {
			isa = XCConfigurationList;
			buildConfigurations = (
				BD9C6FDA2C51815D003557A0 /* Debug */,
				BD9C6FDB2C51815D003557A0 /* Release */,
			);
			defaultConfigurationIsVisible = 0;
			defaultConfigurationName = Release;
		};
/* End XCConfigurationList section */
	};
	rootObject = BD9C6FA72C51815C003557A0 /* Project object */;
}
